
Microsoft Visual Studio Solution File, Format Version 12.00
# Visual Studio Version 17
VisualStudioVersion = 17.3.32929.385
MinimumVisualStudioVersion = 10.0.40219.1
Project("{FAE04EC0-301F-11D3-BF4B-00C04F79EFBC}") = "Expedicao", "Expedicao\Expedicao.csproj", "{9C7175FE-F292-4C9D-B3AB-E1AD617C3DCA}"
EndProject
Project("{FAE04EC0-301F-11D3-BF4B-00C04F79EFBC}") = "BibliotecasSIG", "..\BibliotecasSIG\BibliotecasSIG\BibliotecasSIG.csproj", "{894B3E19-8B96-32B5-7879-F8352B0B74A2}"
EndProject
Project("{FAE04EC0-301F-11D3-BF4B-00C04F79EFBC}") = "Update", "..\Update\Update.csproj", "{DDC8E9A1-8E73-A446-F0DB-098EC8ED654D}"
EndProject
Global
	GlobalSection(SolutionConfigurationPlatforms) = preSolution
		Debug|Any CPU = Debug|Any CPU
		Release|Any CPU = Release|Any CPU
	EndGlobalSection
	GlobalSection(ProjectConfigurationPlatforms) = postSolution
		{9C7175FE-F292-4C9D-B3AB-E1AD617C3DCA}.Debug|Any CPU.ActiveCfg = Debug|Any CPU
		{9C7175FE-F292-4C9D-B3AB-E1AD617C3DCA}.Debug|Any CPU.Build.0 = Debug|Any CPU
		{9C7175FE-F292-4C9D-B3AB-E1AD617C3DCA}.Release|Any CPU.ActiveCfg = Release|Any CPU
		{9C7175FE-F292-4C9D-B3AB-E1AD617C3DCA}.Release|Any CPU.Build.0 = Release|Any CPU
		{894B3E19-8B96-32B5-7879-F8352B0B74A2}.Debug|Any CPU.ActiveCfg = Debug|Any CPU
		{894B3E19-8B96-32B5-7879-F8352B0B74A2}.Debug|Any CPU.Build.0 = Debug|Any CPU
		{894B3E19-8B96-32B5-7879-F8352B0B74A2}.Release|Any CPU.ActiveCfg = Release|Any CPU
		{894B3E19-8B96-32B5-7879-F8352B0B74A2}.Release|Any CPU.Build.0 = Release|Any CPU
		{DDC8E9A1-8E73-A446-F0DB-098EC8ED654D}.Debug|Any CPU.ActiveCfg = Debug|Any CPU
		{DDC8E9A1-8E73-A446-F0DB-098EC8ED654D}.Debug|Any CPU.Build.0 = Debug|Any CPU
		{DDC8E9A1-8E73-A446-F0DB-098EC8ED654D}.Release|Any CPU.ActiveCfg = Release|Any CPU
		{DDC8E9A1-8E73-A446-F0DB-098EC8ED654D}.Release|Any CPU.Build.0 = Release|Any CPU
	EndGlobalSection
	GlobalSection(SolutionProperties) = preSolution
		HideSolutionNode = FALSE
	EndGlobalSection
	GlobalSection(ExtensibilityGlobals) = postSolution
		SolutionGuid = {8E91C1EC-C984-418F-AA35-328C00AA3AD7}
	EndGlobalSection
EndGlobal
